
Microsoft Visual Studio Solution File, Format Version 12.00
# Visual Studio Version 17
VisualStudioVersion = 17.3.32819.101
MinimumVisualStudioVersion = 10.0.40219.1
Project("{9A19103F-16F7-4668-BE54-9A1E7A4F7556}") = "DesafioProjetoHospedagem", "DesafioProjetoHospedagem.csproj", "{B1792F3D-3845-4209-B2CE-2C86ECC8B0D2}"
EndProject
Global
	GlobalSection(SolutionConfigurationPlatforms) = preSolution
		Debug|Any CPU = Debug|Any CPU
		Release|Any CPU = Release|Any CPU
	EndGlobalSection
	GlobalSection(ProjectConfigurationPlatforms) = postSolution
		{B1792F3D-3845-4209-B2CE-2C86ECC8B0D2}.Debug|Any CPU.ActiveCfg = Debug|Any CPU
		{B1792F3D-3845-4209-B2CE-2C86ECC8B0D2}.Debug|Any CPU.Build.0 = Debug|Any CPU
		{B1792F3D-3845-4209-B2CE-2C86ECC8B0D2}.Release|Any CPU.ActiveCfg = Release|Any CPU
		{B1792F3D-3845-4209-B2CE-2C86ECC8B0D2}.Release|Any CPU.Build.0 = Release|Any CPU
	EndGlobalSection
	GlobalSection(SolutionProperties) = preSolution
		HideSolutionNode = FALSE
	EndGlobalSection
	GlobalSection(ExtensibilityGlobals) = postSolution
		SolutionGuid = {EEC00A04-01B7-491F-9C04-228CEA996E9E}
	EndGlobalSection
EndGlobal
